// !$*UTF8*$!
{
	archiveVersion = 1;
	classes = {
	};
	objectVersion = 56;
	objects = {

/* Begin PBXBuildFile section */
		8932C7252941B76A00FA0CA1 /* Constants.swift in Sources */ = {isa = PBXBuildFile; fileRef = 8932C7242941B76A00FA0CA1 /* Constants.swift */; };
		8953BB23294280E000BF9C95 /* Reachability in Frameworks */ = {isa = PBXBuildFile; productRef = 8953BB22294280E000BF9C95 /* Reachability */; };
		898E924B293E7423008DA661 /* AppDelegate.swift in Sources */ = {isa = PBXBuildFile; fileRef = 898E924A293E7423008DA661 /* AppDelegate.swift */; };
		898E924D293E7423008DA661 /* SceneDelegate.swift in Sources */ = {isa = PBXBuildFile; fileRef = 898E924C293E7423008DA661 /* SceneDelegate.swift */; };
		898E9255293E7423008DA661 /* WorldOfPAYBACK.xcdatamodeld in Sources */ = {isa = PBXBuildFile; fileRef = 898E9253293E7423008DA661 /* WorldOfPAYBACK.xcdatamodeld */; };
		898E9257293E7425008DA661 /* Assets.xcassets in Resources */ = {isa = PBXBuildFile; fileRef = 898E9256293E7425008DA661 /* Assets.xcassets */; };
		898E925A293E7425008DA661 /* LaunchScreen.storyboard in Resources */ = {isa = PBXBuildFile; fileRef = 898E9258293E7425008DA661 /* LaunchScreen.storyboard */; };
		898E9265293E7425008DA661 /* WorldOfPAYBACKTests.swift in Sources */ = {isa = PBXBuildFile; fileRef = 898E9264293E7425008DA661 /* WorldOfPAYBACKTests.swift */; };
		898E926F293E7426008DA661 /* WorldOfPAYBACKUITests.swift in Sources */ = {isa = PBXBuildFile; fileRef = 898E926E293E7426008DA661 /* WorldOfPAYBACKUITests.swift */; };
		898E9271293E7426008DA661 /* WorldOfPAYBACKUITestsLaunchTests.swift in Sources */ = {isa = PBXBuildFile; fileRef = 898E9270293E7426008DA661 /* WorldOfPAYBACKUITestsLaunchTests.swift */; };
		898E9285293E77F8008DA661 /* MainViewController.storyboard in Resources */ = {isa = PBXBuildFile; fileRef = 898E927E293E77F8008DA661 /* MainViewController.storyboard */; };
		898E9286293E77F8008DA661 /* MainViewControllerViewController.swift in Sources */ = {isa = PBXBuildFile; fileRef = 898E927F293E77F8008DA661 /* MainViewControllerViewController.swift */; };
		898E9287293E77F8008DA661 /* MainViewControllerPresenter.swift in Sources */ = {isa = PBXBuildFile; fileRef = 898E9280293E77F8008DA661 /* MainViewControllerPresenter.swift */; };
		898E9288293E77F8008DA661 /* MainViewControllerInteractor.swift in Sources */ = {isa = PBXBuildFile; fileRef = 898E9281293E77F8008DA661 /* MainViewControllerInteractor.swift */; };
		898E9289293E77F8008DA661 /* MainViewControllerModels.swift in Sources */ = {isa = PBXBuildFile; fileRef = 898E9282293E77F8008DA661 /* MainViewControllerModels.swift */; };
		898E928A293E77F8008DA661 /* MainViewControllerWorker.swift in Sources */ = {isa = PBXBuildFile; fileRef = 898E9283293E77F8008DA661 /* MainViewControllerWorker.swift */; };
		898E928B293E77F8008DA661 /* MainViewControllerRouter.swift in Sources */ = {isa = PBXBuildFile; fileRef = 898E9284293E77F8008DA661 /* MainViewControllerRouter.swift */; };
		898E928F293E7897008DA661 /* TransactionTableViewCell.swift in Sources */ = {isa = PBXBuildFile; fileRef = 898E928D293E7897008DA661 /* TransactionTableViewCell.swift */; };
		898E9290293E7897008DA661 /* TransactionTableViewCell.xib in Resources */ = {isa = PBXBuildFile; fileRef = 898E928E293E7897008DA661 /* TransactionTableViewCell.xib */; };
		898E9292293E78AF008DA661 /* TransactionTableViewModel.swift in Sources */ = {isa = PBXBuildFile; fileRef = 898E9291293E78AF008DA661 /* TransactionTableViewModel.swift */; };
		898E9295293E8157008DA661 /* transaction-response.json in Resources */ = {isa = PBXBuildFile; fileRef = 898E9294293E8157008DA661 /* transaction-response.json */; };
		898E9297293E81F3008DA661 /* ResponseModel.swift in Sources */ = {isa = PBXBuildFile; fileRef = 898E9296293E81F3008DA661 /* ResponseModel.swift */; };
		898E929B293E8553008DA661 /* MockAPI.swift in Sources */ = {isa = PBXBuildFile; fileRef = 898E929A293E8553008DA661 /* MockAPI.swift */; };
		898E929D293E8669008DA661 /* MockJSON.swift in Sources */ = {isa = PBXBuildFile; fileRef = 898E929C293E8669008DA661 /* MockJSON.swift */; };
		899DDDF829410F1B002BBDAC /* Extensions.swift in Sources */ = {isa = PBXBuildFile; fileRef = 899DDDF729410F1A002BBDAC /* Extensions.swift */; };
		89AF3866293FBEED0075EDC5 /* SwiftyJSON in Frameworks */ = {isa = PBXBuildFile; productRef = 89AF3865293FBEED0075EDC5 /* SwiftyJSON */; };
		89AF3868293FD5010075EDC5 /* Alert.swift in Sources */ = {isa = PBXBuildFile; fileRef = 89AF3867293FD5010075EDC5 /* Alert.swift */; };
		89B24081293F143F005F9311 /* DetailTransactions.storyboard in Resources */ = {isa = PBXBuildFile; fileRef = 89B2407A293F143F005F9311 /* DetailTransactions.storyboard */; };
		89B24082293F143F005F9311 /* DetailTransactionsViewController.swift in Sources */ = {isa = PBXBuildFile; fileRef = 89B2407B293F143F005F9311 /* DetailTransactionsViewController.swift */; };
		89B24083293F143F005F9311 /* DetailTransactionsPresenter.swift in Sources */ = {isa = PBXBuildFile; fileRef = 89B2407C293F143F005F9311 /* DetailTransactionsPresenter.swift */; };
		89B24084293F143F005F9311 /* DetailTransactionsInteractor.swift in Sources */ = {isa = PBXBuildFile; fileRef = 89B2407D293F143F005F9311 /* DetailTransactionsInteractor.swift */; };
		89B24085293F143F005F9311 /* DetailTransactionsModels.swift in Sources */ = {isa = PBXBuildFile; fileRef = 89B2407E293F143F005F9311 /* DetailTransactionsModels.swift */; };
		89B24086293F143F005F9311 /* DetailTransactionsWorker.swift in Sources */ = {isa = PBXBuildFile; fileRef = 89B2407F293F143F005F9311 /* DetailTransactionsWorker.swift */; };
		89B24087293F143F005F9311 /* DetailTransactionsRouter.swift in Sources */ = {isa = PBXBuildFile; fileRef = 89B24080293F143F005F9311 /* DetailTransactionsRouter.swift */; };
/* End PBXBuildFile section */

/* Begin PBXContainerItemProxy section */
		898E9261293E7425008DA661 /* PBXContainerItemProxy */ = {
			isa = PBXContainerItemProxy;
			containerPortal = 898E923F293E7423008DA661 /* Project object */;
			proxyType = 1;
			remoteGlobalIDString = 898E9246293E7423008DA661;
			remoteInfo = WorldOfPAYBACK;
		};
		898E926B293E7426008DA661 /* PBXContainerItemProxy */ = {
			isa = PBXContainerItemProxy;
			containerPortal = 898E923F293E7423008DA661 /* Project object */;
			proxyType = 1;
			remoteGlobalIDString = 898E9246293E7423008DA661;
			remoteInfo = WorldOfPAYBACK;
		};
/* End PBXContainerItemProxy section */

/* Begin PBXFileReference section */
		8932C7242941B76A00FA0CA1 /* Constants.swift */ = {isa = PBXFileReference; lastKnownFileType = sourcecode.swift; path = Constants.swift; sourceTree = "<group>"; };
		898E9247293E7423008DA661 /* WorldOfPAYBACK.app */ = {isa = PBXFileReference; explicitFileType = wrapper.application; includeInIndex = 0; path = WorldOfPAYBACK.app; sourceTree = BUILT_PRODUCTS_DIR; };
		898E924A293E7423008DA661 /* AppDelegate.swift */ = {isa = PBXFileReference; lastKnownFileType = sourcecode.swift; path = AppDelegate.swift; sourceTree = "<group>"; };
		898E924C293E7423008DA661 /* SceneDelegate.swift */ = {isa = PBXFileReference; lastKnownFileType = sourcecode.swift; path = SceneDelegate.swift; sourceTree = "<group>"; };
		898E9254293E7423008DA661 /* WorldOfPAYBACK.xcdatamodel */ = {isa = PBXFileReference; lastKnownFileType = wrapper.xcdatamodel; path = WorldOfPAYBACK.xcdatamodel; sourceTree = "<group>"; };
		898E9256293E7425008DA661 /* Assets.xcassets */ = {isa = PBXFileReference; lastKnownFileType = folder.assetcatalog; path = Assets.xcassets; sourceTree = "<group>"; };
		898E9259293E7425008DA661 /* Base */ = {isa = PBXFileReference; lastKnownFileType = file.storyboard; name = Base; path = Base.lproj/LaunchScreen.storyboard; sourceTree = "<group>"; };
		898E925B293E7425008DA661 /* Info.plist */ = {isa = PBXFileReference; lastKnownFileType = text.plist.xml; path = Info.plist; sourceTree = "<group>"; };
		898E9260293E7425008DA661 /* WorldOfPAYBACKTests.xctest */ = {isa = PBXFileReference; explicitFileType = wrapper.cfbundle; includeInIndex = 0; path = WorldOfPAYBACKTests.xctest; sourceTree = BUILT_PRODUCTS_DIR; };
		898E9264293E7425008DA661 /* WorldOfPAYBACKTests.swift */ = {isa = PBXFileReference; lastKnownFileType = sourcecode.swift; path = WorldOfPAYBACKTests.swift; sourceTree = "<group>"; };
		898E926A293E7426008DA661 /* WorldOfPAYBACKUITests.xctest */ = {isa = PBXFileReference; explicitFileType = wrapper.cfbundle; includeInIndex = 0; path = WorldOfPAYBACKUITests.xctest; sourceTree = BUILT_PRODUCTS_DIR; };
		898E926E293E7426008DA661 /* WorldOfPAYBACKUITests.swift */ = {isa = PBXFileReference; lastKnownFileType = sourcecode.swift; path = WorldOfPAYBACKUITests.swift; sourceTree = "<group>"; };
		898E9270293E7426008DA661 /* WorldOfPAYBACKUITestsLaunchTests.swift */ = {isa = PBXFileReference; lastKnownFileType = sourcecode.swift; path = WorldOfPAYBACKUITestsLaunchTests.swift; sourceTree = "<group>"; };
		898E927E293E77F8008DA661 /* MainViewController.storyboard */ = {isa = PBXFileReference; lastKnownFileType = file.storyboard; path = MainViewController.storyboard; sourceTree = "<group>"; };
		898E927F293E77F8008DA661 /* MainViewControllerViewController.swift */ = {isa = PBXFileReference; lastKnownFileType = sourcecode.swift; path = MainViewControllerViewController.swift; sourceTree = "<group>"; };
		898E9280293E77F8008DA661 /* MainViewControllerPresenter.swift */ = {isa = PBXFileReference; lastKnownFileType = sourcecode.swift; path = MainViewControllerPresenter.swift; sourceTree = "<group>"; };
		898E9281293E77F8008DA661 /* MainViewControllerInteractor.swift */ = {isa = PBXFileReference; lastKnownFileType = sourcecode.swift; path = MainViewControllerInteractor.swift; sourceTree = "<group>"; };
		898E9282293E77F8008DA661 /* MainViewControllerModels.swift */ = {isa = PBXFileReference; lastKnownFileType = sourcecode.swift; path = MainViewControllerModels.swift; sourceTree = "<group>"; };
		898E9283293E77F8008DA661 /* MainViewControllerWorker.swift */ = {isa = PBXFileReference; lastKnownFileType = sourcecode.swift; path = MainViewControllerWorker.swift; sourceTree = "<group>"; };
		898E9284293E77F8008DA661 /* MainViewControllerRouter.swift */ = {isa = PBXFileReference; lastKnownFileType = sourcecode.swift; path = MainViewControllerRouter.swift; sourceTree = "<group>"; };
		898E928D293E7897008DA661 /* TransactionTableViewCell.swift */ = {isa = PBXFileReference; lastKnownFileType = sourcecode.swift; path = TransactionTableViewCell.swift; sourceTree = "<group>"; };
		898E928E293E7897008DA661 /* TransactionTableViewCell.xib */ = {isa = PBXFileReference; lastKnownFileType = file.xib; path = TransactionTableViewCell.xib; sourceTree = "<group>"; };
		898E9291293E78AF008DA661 /* TransactionTableViewModel.swift */ = {isa = PBXFileReference; lastKnownFileType = sourcecode.swift; path = TransactionTableViewModel.swift; sourceTree = "<group>"; };
		898E9294293E8157008DA661 /* transaction-response.json */ = {isa = PBXFileReference; lastKnownFileType = text.json; path = "transaction-response.json"; sourceTree = "<group>"; };
		898E9296293E81F3008DA661 /* ResponseModel.swift */ = {isa = PBXFileReference; lastKnownFileType = sourcecode.swift; path = ResponseModel.swift; sourceTree = "<group>"; };
		898E929A293E8553008DA661 /* MockAPI.swift */ = {isa = PBXFileReference; lastKnownFileType = sourcecode.swift; path = MockAPI.swift; sourceTree = "<group>"; };
		898E929C293E8669008DA661 /* MockJSON.swift */ = {isa = PBXFileReference; lastKnownFileType = sourcecode.swift; path = MockJSON.swift; sourceTree = "<group>"; };
		899DDDF729410F1A002BBDAC /* Extensions.swift */ = {isa = PBXFileReference; lastKnownFileType = sourcecode.swift; path = Extensions.swift; sourceTree = "<group>"; };
		89AF3867293FD5010075EDC5 /* Alert.swift */ = {isa = PBXFileReference; lastKnownFileType = sourcecode.swift; path = Alert.swift; sourceTree = "<group>"; };
		89B2407A293F143F005F9311 /* DetailTransactions.storyboard */ = {isa = PBXFileReference; lastKnownFileType = file.storyboard; path = DetailTransactions.storyboard; sourceTree = "<group>"; };
		89B2407B293F143F005F9311 /* DetailTransactionsViewController.swift */ = {isa = PBXFileReference; lastKnownFileType = sourcecode.swift; path = DetailTransactionsViewController.swift; sourceTree = "<group>"; };
		89B2407C293F143F005F9311 /* DetailTransactionsPresenter.swift */ = {isa = PBXFileReference; lastKnownFileType = sourcecode.swift; path = DetailTransactionsPresenter.swift; sourceTree = "<group>"; };
		89B2407D293F143F005F9311 /* DetailTransactionsInteractor.swift */ = {isa = PBXFileReference; lastKnownFileType = sourcecode.swift; path = DetailTransactionsInteractor.swift; sourceTree = "<group>"; };
		89B2407E293F143F005F9311 /* DetailTransactionsModels.swift */ = {isa = PBXFileReference; lastKnownFileType = sourcecode.swift; path = DetailTransactionsModels.swift; sourceTree = "<group>"; };
		89B2407F293F143F005F9311 /* DetailTransactionsWorker.swift */ = {isa = PBXFileReference; lastKnownFileType = sourcecode.swift; path = DetailTransactionsWorker.swift; sourceTree = "<group>"; };
		89B24080293F143F005F9311 /* DetailTransactionsRouter.swift */ = {isa = PBXFileReference; lastKnownFileType = sourcecode.swift; path = DetailTransactionsRouter.swift; sourceTree = "<group>"; };
/* End PBXFileReference section */

/* Begin PBXFrameworksBuildPhase section */
		898E9244293E7423008DA661 /* Frameworks */ = {
			isa = PBXFrameworksBuildPhase;
			buildActionMask = 2147483647;
			files = (
				89AF3866293FBEED0075EDC5 /* SwiftyJSON in Frameworks */,
				8953BB23294280E000BF9C95 /* Reachability in Frameworks */,
			);
			runOnlyForDeploymentPostprocessing = 0;
		};
		898E925D293E7425008DA661 /* Frameworks */ = {
			isa = PBXFrameworksBuildPhase;
			buildActionMask = 2147483647;
			files = (
			);
			runOnlyForDeploymentPostprocessing = 0;
		};
		898E9267293E7426008DA661 /* Frameworks */ = {
			isa = PBXFrameworksBuildPhase;
			buildActionMask = 2147483647;
			files = (
			);
			runOnlyForDeploymentPostprocessing = 0;
		};
/* End PBXFrameworksBuildPhase section */

/* Begin PBXGroup section */
		898E923E293E7423008DA661 = {
			isa = PBXGroup;
			children = (
				898E9249293E7423008DA661 /* WorldOfPAYBACK */,
				898E9263293E7425008DA661 /* WorldOfPAYBACKTests */,
				898E926D293E7426008DA661 /* WorldOfPAYBACKUITests */,
				898E9248293E7423008DA661 /* Products */,
			);
			sourceTree = "<group>";
		};
		898E9248293E7423008DA661 /* Products */ = {
			isa = PBXGroup;
			children = (
				898E9247293E7423008DA661 /* WorldOfPAYBACK.app */,
				898E9260293E7425008DA661 /* WorldOfPAYBACKTests.xctest */,
				898E926A293E7426008DA661 /* WorldOfPAYBACKUITests.xctest */,
			);
			name = Products;
			sourceTree = "<group>";
		};
		898E9249293E7423008DA661 /* WorldOfPAYBACK */ = {
			isa = PBXGroup;
			children = (
				898E9299293E853B008DA661 /* Service */,
				898E9298293E81F8008DA661 /* ResponseModels */,
				898E9293293E812F008DA661 /* Mocks */,
				898E927D293E762E008DA661 /* Scenes */,
				899DDDF929410F2B002BBDAC /* SupportingFiles */,
				898E9256293E7425008DA661 /* Assets.xcassets */,
				898E9258293E7425008DA661 /* LaunchScreen.storyboard */,
				898E925B293E7425008DA661 /* Info.plist */,
				898E9253293E7423008DA661 /* WorldOfPAYBACK.xcdatamodeld */,
			);
			path = WorldOfPAYBACK;
			sourceTree = "<group>";
		};
		898E9263293E7425008DA661 /* WorldOfPAYBACKTests */ = {
			isa = PBXGroup;
			children = (
				898E9264293E7425008DA661 /* WorldOfPAYBACKTests.swift */,
			);
			path = WorldOfPAYBACKTests;
			sourceTree = "<group>";
		};
		898E926D293E7426008DA661 /* WorldOfPAYBACKUITests */ = {
			isa = PBXGroup;
			children = (
				898E926E293E7426008DA661 /* WorldOfPAYBACKUITests.swift */,
				898E9270293E7426008DA661 /* WorldOfPAYBACKUITestsLaunchTests.swift */,
			);
			path = WorldOfPAYBACKUITests;
			sourceTree = "<group>";
		};
		898E927D293E762E008DA661 /* Scenes */ = {
			isa = PBXGroup;
			children = (
				89B24079293F142A005F9311 /* DetailTransactions */,
				898E928C293E7881008DA661 /* TransactionCells */,
				898E927E293E77F8008DA661 /* MainViewController.storyboard */,
				898E927F293E77F8008DA661 /* MainViewControllerViewController.swift */,
				898E9280293E77F8008DA661 /* MainViewControllerPresenter.swift */,
				898E9281293E77F8008DA661 /* MainViewControllerInteractor.swift */,
				898E9282293E77F8008DA661 /* MainViewControllerModels.swift */,
				898E9283293E77F8008DA661 /* MainViewControllerWorker.swift */,
				898E9284293E77F8008DA661 /* MainViewControllerRouter.swift */,
			);
			path = Scenes;
			sourceTree = "<group>";
		};
		898E928C293E7881008DA661 /* TransactionCells */ = {
			isa = PBXGroup;
			children = (
				898E928D293E7897008DA661 /* TransactionTableViewCell.swift */,
				898E928E293E7897008DA661 /* TransactionTableViewCell.xib */,
				898E9291293E78AF008DA661 /* TransactionTableViewModel.swift */,
			);
			path = TransactionCells;
			sourceTree = "<group>";
		};
		898E9293293E812F008DA661 /* Mocks */ = {
			isa = PBXGroup;
			children = (
				898E9294293E8157008DA661 /* transaction-response.json */,
			);
			path = Mocks;
			sourceTree = "<group>";
		};
		898E9298293E81F8008DA661 /* ResponseModels */ = {
			isa = PBXGroup;
			children = (
				898E9296293E81F3008DA661 /* ResponseModel.swift */,
			);
			path = ResponseModels;
			sourceTree = "<group>";
		};
		898E9299293E853B008DA661 /* Service */ = {
			isa = PBXGroup;
			children = (
				898E929A293E8553008DA661 /* MockAPI.swift */,
				898E929C293E8669008DA661 /* MockJSON.swift */,
			);
			path = Service;
			sourceTree = "<group>";
		};
		899DDDF929410F2B002BBDAC /* SupportingFiles */ = {
			isa = PBXGroup;
			children = (
				898E924A293E7423008DA661 /* AppDelegate.swift */,
				898E924C293E7423008DA661 /* SceneDelegate.swift */,
				89AF3867293FD5010075EDC5 /* Alert.swift */,
				899DDDF729410F1A002BBDAC /* Extensions.swift */,
				8932C7242941B76A00FA0CA1 /* Constants.swift */,
			);
			path = SupportingFiles;
			sourceTree = "<group>";
		};
		89B24079293F142A005F9311 /* DetailTransactions */ = {
			isa = PBXGroup;
			children = (
				89B2407A293F143F005F9311 /* DetailTransactions.storyboard */,
				89B2407B293F143F005F9311 /* DetailTransactionsViewController.swift */,
				89B2407C293F143F005F9311 /* DetailTransactionsPresenter.swift */,
				89B2407D293F143F005F9311 /* DetailTransactionsInteractor.swift */,
				89B2407E293F143F005F9311 /* DetailTransactionsModels.swift */,
				89B2407F293F143F005F9311 /* DetailTransactionsWorker.swift */,
				89B24080293F143F005F9311 /* DetailTransactionsRouter.swift */,
			);
			path = DetailTransactions;
			sourceTree = "<group>";
		};
/* End PBXGroup section */

/* Begin PBXNativeTarget section */
		898E9246293E7423008DA661 /* WorldOfPAYBACK */ = {
			isa = PBXNativeTarget;
			buildConfigurationList = 898E9274293E7426008DA661 /* Build configuration list for PBXNativeTarget "WorldOfPAYBACK" */;
			buildPhases = (
				898E9243293E7423008DA661 /* Sources */,
				898E9244293E7423008DA661 /* Frameworks */,
				898E9245293E7423008DA661 /* Resources */,
			);
			buildRules = (
			);
			dependencies = (
			);
			name = WorldOfPAYBACK;
			packageProductDependencies = (
				89AF3865293FBEED0075EDC5 /* SwiftyJSON */,
				8953BB22294280E000BF9C95 /* Reachability */,
			);
			productName = WorldOfPAYBACK;
			productReference = 898E9247293E7423008DA661 /* WorldOfPAYBACK.app */;
			productType = "com.apple.product-type.application";
		};
		898E925F293E7425008DA661 /* WorldOfPAYBACKTests */ = {
			isa = PBXNativeTarget;
			buildConfigurationList = 898E9277293E7426008DA661 /* Build configuration list for PBXNativeTarget "WorldOfPAYBACKTests" */;
			buildPhases = (
				898E925C293E7425008DA661 /* Sources */,
				898E925D293E7425008DA661 /* Frameworks */,
				898E925E293E7425008DA661 /* Resources */,
			);
			buildRules = (
			);
			dependencies = (
				898E9262293E7425008DA661 /* PBXTargetDependency */,
			);
			name = WorldOfPAYBACKTests;
			productName = WorldOfPAYBACKTests;
			productReference = 898E9260293E7425008DA661 /* WorldOfPAYBACKTests.xctest */;
			productType = "com.apple.product-type.bundle.unit-test";
		};
		898E9269293E7426008DA661 /* WorldOfPAYBACKUITests */ = {
			isa = PBXNativeTarget;
			buildConfigurationList = 898E927A293E7426008DA661 /* Build configuration list for PBXNativeTarget "WorldOfPAYBACKUITests" */;
			buildPhases = (
				898E9266293E7426008DA661 /* Sources */,
				898E9267293E7426008DA661 /* Frameworks */,
				898E9268293E7426008DA661 /* Resources */,
			);
			buildRules = (
			);
			dependencies = (
				898E926C293E7426008DA661 /* PBXTargetDependency */,
			);
			name = WorldOfPAYBACKUITests;
			productName = WorldOfPAYBACKUITests;
			productReference = 898E926A293E7426008DA661 /* WorldOfPAYBACKUITests.xctest */;
			productType = "com.apple.product-type.bundle.ui-testing";
		};
/* End PBXNativeTarget section */

/* Begin PBXProject section */
		898E923F293E7423008DA661 /* Project object */ = {
			isa = PBXProject;
			attributes = {
				BuildIndependentTargetsInParallel = 1;
				LastSwiftUpdateCheck = 1410;
				LastUpgradeCheck = 1410;
				TargetAttributes = {
					898E9246293E7423008DA661 = {
						CreatedOnToolsVersion = 14.1;
					};
					898E925F293E7425008DA661 = {
						CreatedOnToolsVersion = 14.1;
						TestTargetID = 898E9246293E7423008DA661;
					};
					898E9269293E7426008DA661 = {
						CreatedOnToolsVersion = 14.1;
						TestTargetID = 898E9246293E7423008DA661;
					};
				};
			};
			buildConfigurationList = 898E9242293E7423008DA661 /* Build configuration list for PBXProject "WorldOfPAYBACK" */;
			compatibilityVersion = "Xcode 14.0";
			developmentRegion = en;
			hasScannedForEncodings = 0;
			knownRegions = (
				en,
				Base,
			);
			mainGroup = 898E923E293E7423008DA661;
			packageReferences = (
				89AF3864293FBEED0075EDC5 /* XCRemoteSwiftPackageReference "SwiftyJSON" */,
				8953BB21294280E000BF9C95 /* XCRemoteSwiftPackageReference "Reachability" */,
			);
			productRefGroup = 898E9248293E7423008DA661 /* Products */;
			projectDirPath = "";
			projectRoot = "";
			targets = (
				898E9246293E7423008DA661 /* WorldOfPAYBACK */,
				898E925F293E7425008DA661 /* WorldOfPAYBACKTests */,
				898E9269293E7426008DA661 /* WorldOfPAYBACKUITests */,
			);
		};
/* End PBXProject section */

/* Begin PBXResourcesBuildPhase section */
		898E9245293E7423008DA661 /* Resources */ = {
			isa = PBXResourcesBuildPhase;
			buildActionMask = 2147483647;
			files = (
				89B24081293F143F005F9311 /* DetailTransactions.storyboard in Resources */,
				898E9290293E7897008DA661 /* TransactionTableViewCell.xib in Resources */,
				898E9285293E77F8008DA661 /* MainViewController.storyboard in Resources */,
				898E925A293E7425008DA661 /* LaunchScreen.storyboard in Resources */,
				898E9257293E7425008DA661 /* Assets.xcassets in Resources */,
				898E9295293E8157008DA661 /* transaction-response.json in Resources */,
			);
			runOnlyForDeploymentPostprocessing = 0;
		};
		898E925E293E7425008DA661 /* Resources */ = {
			isa = PBXResourcesBuildPhase;
			buildActionMask = 2147483647;
			files = (
			);
			runOnlyForDeploymentPostprocessing = 0;
		};
		898E9268293E7426008DA661 /* Resources */ = {
			isa = PBXResourcesBuildPhase;
			buildActionMask = 2147483647;
			files = (
			);
			runOnlyForDeploymentPostprocessing = 0;
		};
/* End PBXResourcesBuildPhase section */

/* Begin PBXSourcesBuildPhase section */
		898E9243293E7423008DA661 /* Sources */ = {
			isa = PBXSourcesBuildPhase;
			buildActionMask = 2147483647;
			files = (
				898E928F293E7897008DA661 /* TransactionTableViewCell.swift in Sources */,
				898E9289293E77F8008DA661 /* MainViewControllerModels.swift in Sources */,
				898E924B293E7423008DA661 /* AppDelegate.swift in Sources */,
				898E9288293E77F8008DA661 /* MainViewControllerInteractor.swift in Sources */,
				898E9287293E77F8008DA661 /* MainViewControllerPresenter.swift in Sources */,
				898E9286293E77F8008DA661 /* MainViewControllerViewController.swift in Sources */,
				8932C7252941B76A00FA0CA1 /* Constants.swift in Sources */,
				898E928B293E77F8008DA661 /* MainViewControllerRouter.swift in Sources */,
				89AF3868293FD5010075EDC5 /* Alert.swift in Sources */,
				898E9292293E78AF008DA661 /* TransactionTableViewModel.swift in Sources */,
				899DDDF829410F1B002BBDAC /* Extensions.swift in Sources */,
				898E9297293E81F3008DA661 /* ResponseModel.swift in Sources */,
				898E929B293E8553008DA661 /* MockAPI.swift in Sources */,
				89B24086293F143F005F9311 /* DetailTransactionsWorker.swift in Sources */,
				898E924D293E7423008DA661 /* SceneDelegate.swift in Sources */,
				89B24084293F143F005F9311 /* DetailTransactionsInteractor.swift in Sources */,
				89B24082293F143F005F9311 /* DetailTransactionsViewController.swift in Sources */,
				89B24083293F143F005F9311 /* DetailTransactionsPresenter.swift in Sources */,
				898E929D293E8669008DA661 /* MockJSON.swift in Sources */,
				89B24085293F143F005F9311 /* DetailTransactionsModels.swift in Sources */,
				898E9255293E7423008DA661 /* WorldOfPAYBACK.xcdatamodeld in Sources */,
				89B24087293F143F005F9311 /* DetailTransactionsRouter.swift in Sources */,
				898E928A293E77F8008DA661 /* MainViewControllerWorker.swift in Sources */,
			);
			runOnlyForDeploymentPostprocessing = 0;
		};
		898E925C293E7425008DA661 /* Sources */ = {
			isa = PBXSourcesBuildPhase;
			buildActionMask = 2147483647;
			files = (
				898E9265293E7425008DA661 /* WorldOfPAYBACKTests.swift in Sources */,
			);
			runOnlyForDeploymentPostprocessing = 0;
		};
		898E9266293E7426008DA661 /* Sources */ = {
			isa = PBXSourcesBuildPhase;
			buildActionMask = 2147483647;
			files = (
				898E9271293E7426008DA661 /* WorldOfPAYBACKUITestsLaunchTests.swift in Sources */,
				898E926F293E7426008DA661 /* WorldOfPAYBACKUITests.swift in Sources */,
			);
			runOnlyForDeploymentPostprocessing = 0;
		};
/* End PBXSourcesBuildPhase section */

/* Begin PBXTargetDependency section */
		898E9262293E7425008DA661 /* PBXTargetDependency */ = {
			isa = PBXTargetDependency;
			target = 898E9246293E7423008DA661 /* WorldOfPAYBACK */;
			targetProxy = 898E9261293E7425008DA661 /* PBXContainerItemProxy */;
		};
		898E926C293E7426008DA661 /* PBXTargetDependency */ = {
			isa = PBXTargetDependency;
			target = 898E9246293E7423008DA661 /* WorldOfPAYBACK */;
			targetProxy = 898E926B293E7426008DA661 /* PBXContainerItemProxy */;
		};
/* End PBXTargetDependency section */

/* Begin PBXVariantGroup section */
		898E9258293E7425008DA661 /* LaunchScreen.storyboard */ = {
			isa = PBXVariantGroup;
			children = (
				898E9259293E7425008DA661 /* Base */,
			);
			name = LaunchScreen.storyboard;
			sourceTree = "<group>";
		};
/* End PBXVariantGroup section */

/* Begin XCBuildConfiguration section */
		898E9272293E7426008DA661 /* Debug */ = {
			isa = XCBuildConfiguration;
			buildSettings = {
				ALWAYS_SEARCH_USER_PATHS = NO;
				CLANG_ANALYZER_NONNULL = YES;
				CLANG_ANALYZER_NUMBER_OBJECT_CONVERSION = YES_AGGRESSIVE;
				CLANG_CXX_LANGUAGE_STANDARD = "gnu++20";
				CLANG_ENABLE_MODULES = YES;
				CLANG_ENABLE_OBJC_ARC = YES;
				CLANG_ENABLE_OBJC_WEAK = YES;
				CLANG_WARN_BLOCK_CAPTURE_AUTORELEASING = YES;
				CLANG_WARN_BOOL_CONVERSION = YES;
				CLANG_WARN_COMMA = YES;
				CLANG_WARN_CONSTANT_CONVERSION = YES;
				CLANG_WARN_DEPRECATED_OBJC_IMPLEMENTATIONS = YES;
				CLANG_WARN_DIRECT_OBJC_ISA_USAGE = YES_ERROR;
				CLANG_WARN_DOCUMENTATION_COMMENTS = YES;
				CLANG_WARN_EMPTY_BODY = YES;
				CLANG_WARN_ENUM_CONVERSION = YES;
				CLANG_WARN_INFINITE_RECURSION = YES;
				CLANG_WARN_INT_CONVERSION = YES;
				CLANG_WARN_NON_LITERAL_NULL_CONVERSION = YES;
				CLANG_WARN_OBJC_IMPLICIT_RETAIN_SELF = YES;
				CLANG_WARN_OBJC_LITERAL_CONVERSION = YES;
				CLANG_WARN_OBJC_ROOT_CLASS = YES_ERROR;
				CLANG_WARN_QUOTED_INCLUDE_IN_FRAMEWORK_HEADER = YES;
				CLANG_WARN_RANGE_LOOP_ANALYSIS = YES;
				CLANG_WARN_STRICT_PROTOTYPES = YES;
				CLANG_WARN_SUSPICIOUS_MOVE = YES;
				CLANG_WARN_UNGUARDED_AVAILABILITY = YES_AGGRESSIVE;
				CLANG_WARN_UNREACHABLE_CODE = YES;
				CLANG_WARN__DUPLICATE_METHOD_MATCH = YES;
				COPY_PHASE_STRIP = NO;
				DEBUG_INFORMATION_FORMAT = dwarf;
				ENABLE_STRICT_OBJC_MSGSEND = YES;
				ENABLE_TESTABILITY = YES;
				GCC_C_LANGUAGE_STANDARD = gnu11;
				GCC_DYNAMIC_NO_PIC = NO;
				GCC_NO_COMMON_BLOCKS = YES;
				GCC_OPTIMIZATION_LEVEL = 0;
				GCC_PREPROCESSOR_DEFINITIONS = (
					"DEBUG=1",
					"$(inherited)",
				);
				GCC_WARN_64_TO_32_BIT_CONVERSION = YES;
				GCC_WARN_ABOUT_RETURN_TYPE = YES_ERROR;
				GCC_WARN_UNDECLARED_SELECTOR = YES;
				GCC_WARN_UNINITIALIZED_AUTOS = YES_AGGRESSIVE;
				GCC_WARN_UNUSED_FUNCTION = YES;
				GCC_WARN_UNUSED_VARIABLE = YES;
				IPHONEOS_DEPLOYMENT_TARGET = 16.1;
				MTL_ENABLE_DEBUG_INFO = INCLUDE_SOURCE;
				MTL_FAST_MATH = YES;
				ONLY_ACTIVE_ARCH = YES;
				SDKROOT = iphoneos;
				SWIFT_ACTIVE_COMPILATION_CONDITIONS = DEBUG;
				SWIFT_OPTIMIZATION_LEVEL = "-Onone";
			};
			name = Debug;
		};
		898E9273293E7426008DA661 /* Release */ = {
			isa = XCBuildConfiguration;
			buildSettings = {
				ALWAYS_SEARCH_USER_PATHS = NO;
				CLANG_ANALYZER_NONNULL = YES;
				CLANG_ANALYZER_NUMBER_OBJECT_CONVERSION = YES_AGGRESSIVE;
				CLANG_CXX_LANGUAGE_STANDARD = "gnu++20";
				CLANG_ENABLE_MODULES = YES;
				CLANG_ENABLE_OBJC_ARC = YES;
				CLANG_ENABLE_OBJC_WEAK = YES;
				CLANG_WARN_BLOCK_CAPTURE_AUTORELEASING = YES;
				CLANG_WARN_BOOL_CONVERSION = YES;
				CLANG_WARN_COMMA = YES;
				CLANG_WARN_CONSTANT_CONVERSION = YES;
				CLANG_WARN_DEPRECATED_OBJC_IMPLEMENTATIONS = YES;
				CLANG_WARN_DIRECT_OBJC_ISA_USAGE = YES_ERROR;
				CLANG_WARN_DOCUMENTATION_COMMENTS = YES;
				CLANG_WARN_EMPTY_BODY = YES;
				CLANG_WARN_ENUM_CONVERSION = YES;
				CLANG_WARN_INFINITE_RECURSION = YES;
				CLANG_WARN_INT_CONVERSION = YES;
				CLANG_WARN_NON_LITERAL_NULL_CONVERSION = YES;
				CLANG_WARN_OBJC_IMPLICIT_RETAIN_SELF = YES;
				CLANG_WARN_OBJC_LITERAL_CONVERSION = YES;
				CLANG_WARN_OBJC_ROOT_CLASS = YES_ERROR;
				CLANG_WARN_QUOTED_INCLUDE_IN_FRAMEWORK_HEADER = YES;
				CLANG_WARN_RANGE_LOOP_ANALYSIS = YES;
				CLANG_WARN_STRICT_PROTOTYPES = YES;
				CLANG_WARN_SUSPICIOUS_MOVE = YES;
				CLANG_WARN_UNGUARDED_AVAILABILITY = YES_AGGRESSIVE;
				CLANG_WARN_UNREACHABLE_CODE = YES;
				CLANG_WARN__DUPLICATE_METHOD_MATCH = YES;
				COPY_PHASE_STRIP = NO;
				DEBUG_INFORMATION_FORMAT = "dwarf-with-dsym";
				ENABLE_NS_ASSERTIONS = NO;
				ENABLE_STRICT_OBJC_MSGSEND = YES;
				GCC_C_LANGUAGE_STANDARD = gnu11;
				GCC_NO_COMMON_BLOCKS = YES;
				GCC_WARN_64_TO_32_BIT_CONVERSION = YES;
				GCC_WARN_ABOUT_RETURN_TYPE = YES_ERROR;
				GCC_WARN_UNDECLARED_SELECTOR = YES;
				GCC_WARN_UNINITIALIZED_AUTOS = YES_AGGRESSIVE;
				GCC_WARN_UNUSED_FUNCTION = YES;
				GCC_WARN_UNUSED_VARIABLE = YES;
				IPHONEOS_DEPLOYMENT_TARGET = 16.1;
				MTL_ENABLE_DEBUG_INFO = NO;
				MTL_FAST_MATH = YES;
				SDKROOT = iphoneos;
				SWIFT_COMPILATION_MODE = wholemodule;
				SWIFT_OPTIMIZATION_LEVEL = "-O";
				VALIDATE_PRODUCT = YES;
			};
			name = Release;
		};
		898E9275293E7426008DA661 /* Debug */ = {
			isa = XCBuildConfiguration;
			buildSettings = {
				ASSETCATALOG_COMPILER_APPICON_NAME = AppIcon;
				ASSETCATALOG_COMPILER_GLOBAL_ACCENT_COLOR_NAME = AccentColor;
				CODE_SIGN_STYLE = Automatic;
				CURRENT_PROJECT_VERSION = 1;
				DEVELOPMENT_TEAM = A2X4D6G99N;
				GENERATE_INFOPLIST_FILE = YES;
				INFOPLIST_FILE = WorldOfPAYBACK/Info.plist;
				INFOPLIST_KEY_UIApplicationSupportsIndirectInputEvents = YES;
				INFOPLIST_KEY_UILaunchStoryboardName = LaunchScreen;
				INFOPLIST_KEY_UIMainStoryboardFile = MainViewController;
				INFOPLIST_KEY_UISupportedInterfaceOrientations = UIInterfaceOrientationPortrait;
				LD_RUNPATH_SEARCH_PATHS = (
					"$(inherited)",
					"@executable_path/Frameworks",
				);
				MARKETING_VERSION = 1.0;
				PRODUCT_BUNDLE_IDENTIFIER = furkan.erucar.WorldOfPAYBACK;
				PRODUCT_NAME = "$(TARGET_NAME)";
				SUPPORTED_PLATFORMS = "iphoneos iphonesimulator";
				SUPPORTS_MACCATALYST = NO;
				SUPPORTS_MAC_DESIGNED_FOR_IPHONE_IPAD = YES;
				SWIFT_EMIT_LOC_STRINGS = YES;
				SWIFT_VERSION = 5.0;
				TARGETED_DEVICE_FAMILY = 1;
			};
			name = Debug;
		};
		898E9276293E7426008DA661 /* Release */ = {
			isa = XCBuildConfiguration;
			buildSettings = {
				ASSETCATALOG_COMPILER_APPICON_NAME = AppIcon;
				ASSETCATALOG_COMPILER_GLOBAL_ACCENT_COLOR_NAME = AccentColor;
				CODE_SIGN_STYLE = Automatic;
				CURRENT_PROJECT_VERSION = 1;
				DEVELOPMENT_TEAM = A2X4D6G99N;
				GENERATE_INFOPLIST_FILE = YES;
				INFOPLIST_FILE = WorldOfPAYBACK/Info.plist;
				INFOPLIST_KEY_UIApplicationSupportsIndirectInputEvents = YES;
				INFOPLIST_KEY_UILaunchStoryboardName = LaunchScreen;
				INFOPLIST_KEY_UIMainStoryboardFile = MainViewController;
				INFOPLIST_KEY_UISupportedInterfaceOrientations = UIInterfaceOrientationPortrait;
				LD_RUNPATH_SEARCH_PATHS = (
					"$(inherited)",
					"@executable_path/Frameworks",
				);
				MARKETING_VERSION = 1.0;
				PRODUCT_BUNDLE_IDENTIFIER = furkan.erucar.WorldOfPAYBACK;
				PRODUCT_NAME = "$(TARGET_NAME)";
				SUPPORTED_PLATFORMS = "iphoneos iphonesimulator";
				SUPPORTS_MACCATALYST = NO;
				SUPPORTS_MAC_DESIGNED_FOR_IPHONE_IPAD = YES;
				SWIFT_EMIT_LOC_STRINGS = YES;
				SWIFT_VERSION = 5.0;
				TARGETED_DEVICE_FAMILY = 1;
			};
			name = Release;
		};
		898E9278293E7426008DA661 /* Debug */ = {
			isa = XCBuildConfiguration;
			buildSettings = {
				ALWAYS_EMBED_SWIFT_STANDARD_LIBRARIES = YES;
				BUNDLE_LOADER = "$(TEST_HOST)";
				CODE_SIGN_STYLE = Automatic;
				CURRENT_PROJECT_VERSION = 1;
				DEVELOPMENT_TEAM = A2X4D6G99N;
				GENERATE_INFOPLIST_FILE = YES;
				IPHONEOS_DEPLOYMENT_TARGET = 16.1;
				MARKETING_VERSION = 1.0;
				PRODUCT_BUNDLE_IDENTIFIER = furkan.erucar.WorldOfPAYBACKTests;
				PRODUCT_NAME = "$(TARGET_NAME)";
				SWIFT_EMIT_LOC_STRINGS = NO;
				SWIFT_VERSION = 5.0;
				TARGETED_DEVICE_FAMILY = "1,2";
				TEST_HOST = "$(BUILT_PRODUCTS_DIR)/WorldOfPAYBACK.app/$(BUNDLE_EXECUTABLE_FOLDER_PATH)/WorldOfPAYBACK";
			};
			name = Debug;
		};
		898E9279293E7426008DA661 /* Release */ = {
			isa = XCBuildConfiguration;
			buildSettings = {
				ALWAYS_EMBED_SWIFT_STANDARD_LIBRARIES = YES;
				BUNDLE_LOADER = "$(TEST_HOST)";
				CODE_SIGN_STYLE = Automatic;
				CURRENT_PROJECT_VERSION = 1;
				DEVELOPMENT_TEAM = A2X4D6G99N;
				GENERATE_INFOPLIST_FILE = YES;
				IPHONEOS_DEPLOYMENT_TARGET = 16.1;
				MARKETING_VERSION = 1.0;
				PRODUCT_BUNDLE_IDENTIFIER = furkan.erucar.WorldOfPAYBACKTests;
				PRODUCT_NAME = "$(TARGET_NAME)";
				SWIFT_EMIT_LOC_STRINGS = NO;
				SWIFT_VERSION = 5.0;
				TARGETED_DEVICE_FAMILY = "1,2";
				TEST_HOST = "$(BUILT_PRODUCTS_DIR)/WorldOfPAYBACK.app/$(BUNDLE_EXECUTABLE_FOLDER_PATH)/WorldOfPAYBACK";
			};
			name = Release;
		};
		898E927B293E7426008DA661 /* Debug */ = {
			isa = XCBuildConfiguration;
			buildSettings = {
				ALWAYS_EMBED_SWIFT_STANDARD_LIBRARIES = YES;
				CODE_SIGN_STYLE = Automatic;
				CURRENT_PROJECT_VERSION = 1;
				DEVELOPMENT_TEAM = A2X4D6G99N;
				GENERATE_INFOPLIST_FILE = YES;
				MARKETING_VERSION = 1.0;
				PRODUCT_BUNDLE_IDENTIFIER = furkan.erucar.WorldOfPAYBACKUITests;
				PRODUCT_NAME = "$(TARGET_NAME)";
				SWIFT_EMIT_LOC_STRINGS = NO;
				SWIFT_VERSION = 5.0;
				TARGETED_DEVICE_FAMILY = "1,2";
				TEST_TARGET_NAME = WorldOfPAYBACK;
			};
			name = Debug;
		};
		898E927C293E7426008DA661 /* Release */ = {
			isa = XCBuildConfiguration;
			buildSettings = {
				ALWAYS_EMBED_SWIFT_STANDARD_LIBRARIES = YES;
				CODE_SIGN_STYLE = Automatic;
				CURRENT_PROJECT_VERSION = 1;
				DEVELOPMENT_TEAM = A2X4D6G99N;
				GENERATE_INFOPLIST_FILE = YES;
				MARKETING_VERSION = 1.0;
				PRODUCT_BUNDLE_IDENTIFIER = furkan.erucar.WorldOfPAYBACKUITests;
				PRODUCT_NAME = "$(TARGET_NAME)";
				SWIFT_EMIT_LOC_STRINGS = NO;
				SWIFT_VERSION = 5.0;
				TARGETED_DEVICE_FAMILY = "1,2";
				TEST_TARGET_NAME = WorldOfPAYBACK;
			};
			name = Release;
		};
/* End XCBuildConfiguration section */

/* Begin XCConfigurationList section */
		898E9242293E7423008DA661 /* Build configuration list for PBXProject "WorldOfPAYBACK" */ = {
			isa = XCConfigurationList;
			buildConfigurations = (
				898E9272293E7426008DA661 /* Debug */,
				898E9273293E7426008DA661 /* Release */,
			);
			defaultConfigurationIsVisible = 0;
			defaultConfigurationName = Release;
		};
		898E9274293E7426008DA661 /* Build configuration list for PBXNativeTarget "WorldOfPAYBACK" */ = {
			isa = XCConfigurationList;
			buildConfigurations = (
				898E9275293E7426008DA661 /* Debug */,
				898E9276293E7426008DA661 /* Release */,
			);
			defaultConfigurationIsVisible = 0;
			defaultConfigurationName = Release;
		};
		898E9277293E7426008DA661 /* Build configuration list for PBXNativeTarget "WorldOfPAYBACKTests" */ = {
			isa = XCConfigurationList;
			buildConfigurations = (
				898E9278293E7426008DA661 /* Debug */,
				898E9279293E7426008DA661 /* Release */,
			);
			defaultConfigurationIsVisible = 0;
			defaultConfigurationName = Release;
		};
		898E927A293E7426008DA661 /* Build configuration list for PBXNativeTarget "WorldOfPAYBACKUITests" */ = {
			isa = XCConfigurationList;
			buildConfigurations = (
				898E927B293E7426008DA661 /* Debug */,
				898E927C293E7426008DA661 /* Release */,
			);
			defaultConfigurationIsVisible = 0;
			defaultConfigurationName = Release;
		};
/* End XCConfigurationList section */

/* Begin XCRemoteSwiftPackageReference section */
		8953BB21294280E000BF9C95 /* XCRemoteSwiftPackageReference "Reachability" */ = {
			isa = XCRemoteSwiftPackageReference;
			repositoryURL = "https://github.com/ashleymills/Reachability.swift";
			requirement = {
				branch = master;
				kind = branch;
			};
		};
		89AF3864293FBEED0075EDC5 /* XCRemoteSwiftPackageReference "SwiftyJSON" */ = {
			isa = XCRemoteSwiftPackageReference;
			repositoryURL = "https://github.com/SwiftyJSON/SwiftyJSON.git";
			requirement = {
				kind = upToNextMajorVersion;
				minimumVersion = 5.0.0;
			};
		};
/* End XCRemoteSwiftPackageReference section */

/* Begin XCSwiftPackageProductDependency section */
		8953BB22294280E000BF9C95 /* Reachability */ = {
			isa = XCSwiftPackageProductDependency;
			package = 8953BB21294280E000BF9C95 /* XCRemoteSwiftPackageReference "Reachability" */;
			productName = Reachability;
		};
		89AF3865293FBEED0075EDC5 /* SwiftyJSON */ = {
			isa = XCSwiftPackageProductDependency;
			package = 89AF3864293FBEED0075EDC5 /* XCRemoteSwiftPackageReference "SwiftyJSON" */;
			productName = SwiftyJSON;
		};
/* End XCSwiftPackageProductDependency section */

/* Begin XCVersionGroup section */
		898E9253293E7423008DA661 /* WorldOfPAYBACK.xcdatamodeld */ = {
			isa = XCVersionGroup;
			children = (
				898E9254293E7423008DA661 /* WorldOfPAYBACK.xcdatamodel */,
			);
			currentVersion = 898E9254293E7423008DA661 /* WorldOfPAYBACK.xcdatamodel */;
			path = WorldOfPAYBACK.xcdatamodeld;
			sourceTree = "<group>";
			versionGroupType = wrapper.xcdatamodel;
		};
/* End XCVersionGroup section */
	};
	rootObject = 898E923F293E7423008DA661 /* Project object */;
}
